
Microsoft Visual Studio Solution File, Format Version 12.00
# Visual Studio Version 16
VisualStudioVersion = 16.0.29728.190
MinimumVisualStudioVersion = 10.0.40219.1
Project("{FAE04EC0-301F-11D3-BF4B-00C04F79EFBC}") = "Criptografo.Desktop", "Criptografo.Desktop\Criptografo.Desktop.csproj", "{F3960FFB-A7C1-4DCF-B6D0-9AA6CAB3DCBB}"
EndProject
Project("{FAE04EC0-301F-11D3-BF4B-00C04F79EFBC}") = "Criptografo.ClassLibrary", "Criptografo.ClassLibrary\Criptografo.ClassLibrary.csproj", "{70571425-C6CF-4978-BDC7-6BEB8627B23A}"
EndProject
Global
	GlobalSection(SolutionConfigurationPlatforms) = preSolution
		Debug|Any CPU = Debug|Any CPU
		Release|Any CPU = Release|Any CPU
	EndGlobalSection
	GlobalSection(ProjectConfigurationPlatforms) = postSolution
		{F3960FFB-A7C1-4DCF-B6D0-9AA6CAB3DCBB}.Debug|Any CPU.ActiveCfg = Debug|Any CPU
		{F3960FFB-A7C1-4DCF-B6D0-9AA6CAB3DCBB}.Debug|Any CPU.Build.0 = Debug|Any CPU
		{F3960FFB-A7C1-4DCF-B6D0-9AA6CAB3DCBB}.Release|Any CPU.ActiveCfg = Release|Any CPU
		{F3960FFB-A7C1-4DCF-B6D0-9AA6CAB3DCBB}.Release|Any CPU.Build.0 = Release|Any CPU
		{70571425-C6CF-4978-BDC7-6BEB8627B23A}.Debug|Any CPU.ActiveCfg = Debug|Any CPU
		{70571425-C6CF-4978-BDC7-6BEB8627B23A}.Debug|Any CPU.Build.0 = Debug|Any CPU
		{70571425-C6CF-4978-BDC7-6BEB8627B23A}.Release|Any CPU.ActiveCfg = Release|Any CPU
		{70571425-C6CF-4978-BDC7-6BEB8627B23A}.Release|Any CPU.Build.0 = Release|Any CPU
	EndGlobalSection
	GlobalSection(SolutionProperties) = preSolution
		HideSolutionNode = FALSE
	EndGlobalSection
	GlobalSection(ExtensibilityGlobals) = postSolution
		SolutionGuid = {C3945BBF-9B9E-44A2-8676-AD6875C92815}
	EndGlobalSection
EndGlobal
